
Microsoft Visual Studio Solution File, Format Version 12.00
# Visual Studio Version 16
VisualStudioVersion = 16.0.31410.357
MinimumVisualStudioVersion = 10.0.40219.1
Project("{FAE04EC0-301F-11D3-BF4B-00C04F79EFBC}") = "FactoryPatternEx", "FactoryPatternEx.csproj", "{F16A01F8-6083-4C00-AB98-2C3890F25249}"
EndProject
Global
	GlobalSection(SolutionConfigurationPlatforms) = preSolution
		Debug|Any CPU = Debug|Any CPU
		Release|Any CPU = Release|Any CPU
	EndGlobalSection
	GlobalSection(ProjectConfigurationPlatforms) = postSolution
		{F16A01F8-6083-4C00-AB98-2C3890F25249}.Debug|Any CPU.ActiveCfg = Debug|Any CPU
		{F16A01F8-6083-4C00-AB98-2C3890F25249}.Debug|Any CPU.Build.0 = Debug|Any CPU
		{F16A01F8-6083-4C00-AB98-2C3890F25249}.Release|Any CPU.ActiveCfg = Release|Any CPU
		{F16A01F8-6083-4C00-AB98-2C3890F25249}.Release|Any CPU.Build.0 = Release|Any CPU
	EndGlobalSection
	GlobalSection(SolutionProperties) = preSolution
		HideSolutionNode = FALSE
	EndGlobalSection
	GlobalSection(ExtensibilityGlobals) = postSolution
		SolutionGuid = {AB991ED9-E2CE-4AD7-8E21-4ED0C3149BA8}
	EndGlobalSection
EndGlobal
